{
  "name": "perpetual-protocol-developer-guide-grant",
  "version": "1.0.0",
  "lockfileVersion": 2,
  "requires": true,
  "packages": {
    "": {
      "name": "perpetual-protocol-developer-guide-grant",
      "version": "1.0.0",
      "license": "ISC",
      "dependencies": {
        "@perp/curie-contract": "^1.0.13"
      }
    },
    "node_modules/@perp/curie-contract": {
      "version": "1.0.13",
      "resolved": "https://registry.npmjs.org/@perp/curie-contract/-/curie-contract-1.0.13.tgz",
      "integrity": "sha512-kBBc4X9TQAIV3UYQsOd5kXeLazRYKz9Q78nplGnrq7Nllf51srG+7bYMxdzBrshF2IDw5QsXxFwS/fKEtjSdxQ=="
    }
  },
  "dependencies": {
    "@perp/curie-contract": {
      "version": "1.0.13",
      "resolved": "https://registry.npmjs.org/@perp/curie-contract/-/curie-contract-1.0.13.tgz",
      "integrity": "sha512-kBBc4X9TQAIV3UYQsOd5kXeLazRYKz9Q78nplGnrq7Nllf51srG+7bYMxdzBrshF2IDw5QsXxFwS/fKEtjSdxQ=="
    }
  }
}
